version: 6
environments:
  default:
    channels:
    - url: https://conda.anaconda.org/conda-forge/
    options:
      pypi-prerelease-mode: if-necessary-or-explicit
    packages:
      osx-64:
      - conda: https://conda.anaconda.org/conda-forge/noarch/annotated-doc-0.0.4-pyhcf101f3_0.conda
      - conda: https://conda.anaconda.org/conda-forge/noarch/annotated-types-0.7.0-pyhd8ed1ab_1.conda
      - conda: https://conda.anaconda.org/conda-forge/osx-64/bzip2-1.0.8-h500dc9f_8.conda
      - conda: https://conda.anaconda.org/conda-forge/noarch/ca-certificates-2026.1.4-hbd8a1cb_0.conda
      - conda: https://conda.anaconda.org/conda-forge/noarch/click-8.3.1-pyh8f84b5b_1.conda
      - conda: https://conda.anaconda.org/conda-forge/osx-64/libexpat-2.7.3-heffb93a_0.conda
      - conda: https://conda.anaconda.org/conda-forge/osx-64/libffi-3.5.2-hd1f9c09_0.conda
      - conda: https://conda.anaconda.org/conda-forge/osx-64/liblzma-5.8.2-h11316ed_0.conda
      - conda: https://conda.anaconda.org/conda-forge/osx-64/libsqlite-3.51.2-hb99441e_0.conda
      - conda: https://conda.anaconda.org/conda-forge/osx-64/libzlib-1.3.1-hd23fc13_2.conda
      - conda: https://conda.anaconda.org/conda-forge/noarch/markdown-it-py-4.0.0-pyhd8ed1ab_0.conda
      - conda: https://conda.anaconda.org/conda-forge/noarch/mdurl-0.1.2-pyhd8ed1ab_1.conda
      - conda: https://conda.anaconda.org/conda-forge/osx-64/ncurses-6.5-h0622a9a_3.conda
      - conda: https://conda.anaconda.org/conda-forge/osx-64/openssl-3.6.0-h230baf5_0.conda
      - conda: https://conda.anaconda.org/conda-forge/noarch/pydantic-2.12.5-pyhcf101f3_1.conda
      - conda: https://conda.anaconda.org/conda-forge/osx-64/pydantic-core-2.41.5-py310h64024f4_1.conda
      - conda: https://conda.anaconda.org/conda-forge/noarch/pygments-2.19.2-pyhd8ed1ab_0.conda
      - conda: https://conda.anaconda.org/conda-forge/osx-64/python-3.10.19-h988dfef_3_cpython.conda
      - conda: https://conda.anaconda.org/conda-forge/noarch/python_abi-3.10-8_cp310.conda
      - conda: https://conda.anaconda.org/conda-forge/osx-64/readline-8.3-h68b038d_0.conda
      - conda: https://conda.anaconda.org/conda-forge/noarch/rich-14.3.2-pyhcf101f3_0.conda
      - conda: https://conda.anaconda.org/conda-forge/noarch/shellingham-1.5.4-pyhd8ed1ab_2.conda
      - conda: https://conda.anaconda.org/conda-forge/osx-64/tk-8.6.13-h7142dee_3.conda
      - conda: https://conda.anaconda.org/conda-forge/noarch/typer-0.23.0-pyhcf101f3_0.conda
      - conda: https://conda.anaconda.org/conda-forge/noarch/typing-extensions-4.15.0-h396c80c_0.conda
      - conda: https://conda.anaconda.org/conda-forge/noarch/typing-inspection-0.4.2-pyhd8ed1ab_1.conda
      - conda: https://conda.anaconda.org/conda-forge/noarch/typing_extensions-4.15.0-pyhcf101f3_0.conda
      - conda: https://conda.anaconda.org/conda-forge/noarch/tzdata-2025c-hc9c84f9_1.conda
packages:
- conda: https://conda.anaconda.org/conda-forge/noarch/annotated-doc-0.0.4-pyhcf101f3_0.conda
  sha256: cc9fbc50d4ee7ee04e49ee119243e6f1765750f0fd0b4d270d5ef35461b643b1
  md5: 52be5139047efadaeeb19c6a5103f92a
  depends:
  - python >=3.10
  - python
  license: MIT
  license_family: MIT
  size: 14222
  timestamp: 1762868213144
- conda: https://conda.anaconda.org/conda-forge/noarch/annotated-types-0.7.0-pyhd8ed1ab_1.conda
  sha256: e0ea1ba78fbb64f17062601edda82097fcf815012cf52bb704150a2668110d48
  md5: 2934f256a8acfe48f6ebb4fce6cde29c
  depends:
  - python >=3.9
  - typing-extensions >=4.0.0
  license: MIT
  license_family: MIT
  size: 18074
  timestamp: 1733247158254
- conda: https://conda.anaconda.org/conda-forge/osx-64/bzip2-1.0.8-h500dc9f_8.conda
  sha256: 8f50b58efb29c710f3cecf2027a8d7325ba769ab10c746eff75cea3ac050b10c
  md5: 97c4b3bd8a90722104798175a1bdddbf
  depends:
  - __osx >=10.13
  license: bzip2-1.0.6
  license_family: BSD
  size: 132607
  timestamp: 1757437730085
- conda: https://conda.anaconda.org/conda-forge/noarch/ca-certificates-2026.1.4-hbd8a1cb_0.conda
  sha256: b5974ec9b50e3c514a382335efa81ed02b05906849827a34061c496f4defa0b2
  md5: bddacf101bb4dd0e51811cb69c7790e2
  depends:
  - __unix
  license: ISC
  size: 146519
  timestamp: 1767500828366
- conda: https://conda.anaconda.org/conda-forge/noarch/click-8.3.1-pyh8f84b5b_1.conda
  sha256: 38cfe1ee75b21a8361c8824f5544c3866f303af1762693a178266d7f198e8715
  md5: ea8a6c3256897cc31263de9f455e25d9
  depends:
  - python >=3.10
  - __unix
  - python
  license: BSD-3-Clause
  license_family: BSD
  size: 97676
  timestamp: 1764518652276
- conda: https://conda.anaconda.org/conda-forge/osx-64/libexpat-2.7.3-heffb93a_0.conda
  sha256: d11b3a6ce5b2e832f430fd112084533a01220597221bee16d6c7dc3947dffba6
  md5: 222e0732a1d0780a622926265bee14ef
  depends:
  - __osx >=10.13
  constrains:
  - expat 2.7.3.*
  license: MIT
  license_family: MIT
  size: 74058
  timestamp: 1763549886493
- conda: https://conda.anaconda.org/conda-forge/osx-64/libffi-3.5.2-hd1f9c09_0.conda
  sha256: 951958d1792238006fdc6fce7f71f1b559534743b26cc1333497d46e5903a2d6
  md5: 66a0dc7464927d0853b590b6f53ba3ea
  depends:
  - __osx >=10.13
  license: MIT
  size: 53583
  timestamp: 1769456300951
- conda: https://conda.anaconda.org/conda-forge/osx-64/liblzma-5.8.2-h11316ed_0.conda
  sha256: 7ab3c98abd3b5d5ec72faa8d9f5d4b50dcee4970ed05339bc381861199dabb41
  md5: 688a0c3d57fa118b9c97bf7e471ab46c
  depends:
  - __osx >=10.13
  constrains:
  - xz 5.8.2.*
  license: 0BSD
  size: 105482
  timestamp: 1768753411348
- conda: https://conda.anaconda.org/conda-forge/osx-64/libsqlite-3.51.2-hb99441e_0.conda
  sha256: 710a7ea27744199023c92e66ad005de7f8db9cf83f10d5a943d786f0dac53b7c
  md5: d910105ce2b14dfb2b32e92ec7653420
  depends:
  - __osx >=10.13
  - libzlib >=1.3.1,<2.0a0
  license: blessing
  size: 987506
  timestamp: 1768148247615
- conda: https://conda.anaconda.org/conda-forge/osx-64/libzlib-1.3.1-hd23fc13_2.conda
  sha256: 8412f96504fc5993a63edf1e211d042a1fd5b1d51dedec755d2058948fcced09
  md5: 003a54a4e32b02f7355b50a837e699da
  depends:
  - __osx >=10.13
  constrains:
  - zlib 1.3.1 *_2
  license: Zlib
  license_family: Other
  size: 57133
  timestamp: 1727963183990
- conda: https://conda.anaconda.org/conda-forge/noarch/markdown-it-py-4.0.0-pyhd8ed1ab_0.conda
  sha256: 7b1da4b5c40385791dbc3cc85ceea9fad5da680a27d5d3cb8bfaa185e304a89e
  md5: 5b5203189eb668f042ac2b0826244964
  depends:
  - mdurl >=0.1,<1
  - python >=3.10
  license: MIT
  license_family: MIT
  size: 64736
  timestamp: 1754951288511
- conda: https://conda.anaconda.org/conda-forge/noarch/mdurl-0.1.2-pyhd8ed1ab_1.conda
  sha256: 78c1bbe1723449c52b7a9df1af2ee5f005209f67e40b6e1d3c7619127c43b1c7
  md5: 592132998493b3ff25fd7479396e8351
  depends:
  - python >=3.9
  license: MIT
  license_family: MIT
  size: 14465
  timestamp: 1733255681319
- conda: https://conda.anaconda.org/conda-forge/osx-64/ncurses-6.5-h0622a9a_3.conda
  sha256: ea4a5d27ded18443749aefa49dc79f6356da8506d508b5296f60b8d51e0c4bd9
  md5: ced34dd9929f491ca6dab6a2927aff25
  depends:
  - __osx >=10.13
  license: X11 AND BSD-3-Clause
  size: 822259
  timestamp: 1738196181298
- conda: https://conda.anaconda.org/conda-forge/osx-64/openssl-3.6.0-h230baf5_0.conda
  sha256: 36fe9fb316be22fcfb46d5fa3e2e85eec5ef84f908b7745f68f768917235b2d5
  md5: 3f50cdf9a97d0280655758b735781096
  depends:
  - __osx >=10.13
  - ca-certificates
  license: Apache-2.0
  license_family: Apache
  size: 2778996
  timestamp: 1762840724922
- conda: https://conda.anaconda.org/conda-forge/noarch/pydantic-2.12.5-pyhcf101f3_1.conda
  sha256: 868569d9505b7fe246c880c11e2c44924d7613a8cdcc1f6ef85d5375e892f13d
  md5: c3946ed24acdb28db1b5d63321dbca7d
  depends:
  - typing-inspection >=0.4.2
  - typing_extensions >=4.14.1
  - python >=3.10
  - typing-extensions >=4.6.1
  - annotated-types >=0.6.0
  - pydantic-core ==2.41.5
  - python
  license: MIT
  license_family: MIT
  size: 340482
  timestamp: 1764434463101
- conda: https://conda.anaconda.org/conda-forge/osx-64/pydantic-core-2.41.5-py310h64024f4_1.conda
  sha256: 295e48c98c5654ccaff5a87aff7bc9b4e0e2ba18d1451c59f13e647c37060978
  md5: f8fe95006999c4c4d40fef10868a66a1
  depends:
  - python
  - typing-extensions >=4.6.0,!=4.7.0
  - __osx >=10.13
  - python_abi 3.10.* *_cp310
  constrains:
  - __osx >=10.13
  license: MIT
  license_family: MIT
  size: 1931247
  timestamp: 1762989101845
- conda: https://conda.anaconda.org/conda-forge/noarch/pygments-2.19.2-pyhd8ed1ab_0.conda
  sha256: 5577623b9f6685ece2697c6eb7511b4c9ac5fb607c9babc2646c811b428fd46a
  md5: 6b6ece66ebcae2d5f326c77ef2c5a066
  depends:
  - python >=3.9
  license: BSD-2-Clause
  license_family: BSD
  size: 889287
  timestamp: 1750615908735
- conda: https://conda.anaconda.org/conda-forge/osx-64/python-3.10.19-h988dfef_3_cpython.conda
  build_number: 3
  sha256: e05e6e5d076f76e609e8665969391dabdbbb298ecf1cbd58a206bf39a10dbc67
  md5: 2717612cf85c1138d5a0645b1db537fb
  depends:
  - __osx >=10.13
  - bzip2 >=1.0.8,<2.0a0
  - libexpat >=2.7.3,<3.0a0
  - libffi >=3.4,<4.0a0
  - liblzma >=5.8.2,<6.0a0
  - libsqlite >=3.51.2,<4.0a0
  - libzlib >=1.3.1,<2.0a0
  - ncurses >=6.5,<7.0a0
  - openssl >=3.5.4,<4.0a0
  - readline >=8.3,<9.0a0
  - tk >=8.6.13,<8.7.0a0
  - tzdata
  constrains:
  - python_abi 3.10.* *_cp310
  license: Python-2.0
  size: 13150073
  timestamp: 1769472282154
- conda: https://conda.anaconda.org/conda-forge/noarch/python_abi-3.10-8_cp310.conda
  build_number: 8
  sha256: 7ad76fa396e4bde336872350124c0819032a9e8a0a40590744ff9527b54351c1
  md5: 05e00f3b21e88bb3d658ac700b2ce58c
  constrains:
  - python 3.10.* *_cpython
  license: BSD-3-Clause
  license_family: BSD
  size: 6999
  timestamp: 1752805924192
- conda: https://conda.anaconda.org/conda-forge/osx-64/readline-8.3-h68b038d_0.conda
  sha256: 4614af680aa0920e82b953fece85a03007e0719c3399f13d7de64176874b80d5
  md5: eefd65452dfe7cce476a519bece46704
  depends:
  - __osx >=10.13
  - ncurses >=6.5,<7.0a0
  license: GPL-3.0-only
  license_family: GPL
  size: 317819
  timestamp: 1765813692798
- conda: https://conda.anaconda.org/conda-forge/noarch/rich-14.3.2-pyhcf101f3_0.conda
  sha256: ed17985cec5a0540002c6cabe67848f7cc17e5f4019c0e2a40534e9b7c0b38de
  md5: 33950a076fd589a7655c6888cc3d2b34
  depends:
  - markdown-it-py >=2.2.0
  - pygments >=2.13.0,<3.0.0
  - python >=3.10
  - typing_extensions >=4.0.0,<5.0.0
  - python
  license: MIT
  license_family: MIT
  size: 208269
  timestamp: 1769971520792
- conda: https://conda.anaconda.org/conda-forge/noarch/shellingham-1.5.4-pyhd8ed1ab_2.conda
  sha256: 1d6534df8e7924d9087bd388fbac5bd868c5bf8971c36885f9f016da0657d22b
  md5: 83ea3a2ddb7a75c1b09cea582aa4f106
  depends:
  - python >=3.10
  license: MIT
  license_family: MIT
  size: 15018
  timestamp: 1762858315311
- conda: https://conda.anaconda.org/conda-forge/osx-64/tk-8.6.13-h7142dee_3.conda
  sha256: 7f0d9c320288532873e2d8486c331ec6d87919c9028208d3f6ac91dc8f99a67b
  md5: 6e6efb7463f8cef69dbcb4c2205bf60e
  depends:
  - __osx >=10.13
  - libzlib >=1.3.1,<2.0a0
  license: TCL
  license_family: BSD
  size: 3282953
  timestamp: 1769460532442
- conda: https://conda.anaconda.org/conda-forge/noarch/typer-0.23.0-pyhcf101f3_0.conda
  sha256: a66b93c5643465a53338afda77b06540ab622f40c53db5bd0e3c5d0feba372f4
  md5: 8eaf4b6d99fbd0fb4896ad32fcc9fad0
  depends:
  - annotated-doc >=0.0.2
  - click >=8.0.0
  - python >=3.10
  - rich >=10.11.0
  - shellingham >=1.3.0
  - python
  license: MIT
  size: 120863
  timestamp: 1770865374358
- conda: https://conda.anaconda.org/conda-forge/noarch/typing-extensions-4.15.0-h396c80c_0.conda
  sha256: 7c2df5721c742c2a47b2c8f960e718c930031663ac1174da67c1ed5999f7938c
  md5: edd329d7d3a4ab45dcf905899a7a6115
  depends:
  - typing_extensions ==4.15.0 pyhcf101f3_0
  license: PSF-2.0
  license_family: PSF
  size: 91383
  timestamp: 1756220668932
- conda: https://conda.anaconda.org/conda-forge/noarch/typing-inspection-0.4.2-pyhd8ed1ab_1.conda
  sha256: 70db27de58a97aeb7ba7448366c9853f91b21137492e0b4430251a1870aa8ff4
  md5: a0a4a3035667fc34f29bfbd5c190baa6
  depends:
  - python >=3.10
  - typing_extensions >=4.12.0
  license: MIT
  license_family: MIT
  size: 18923
  timestamp: 1764158430324
- conda: https://conda.anaconda.org/conda-forge/noarch/typing_extensions-4.15.0-pyhcf101f3_0.conda
  sha256: 032271135bca55aeb156cee361c81350c6f3fb203f57d024d7e5a1fc9ef18731
  md5: 0caa1af407ecff61170c9437a808404d
  depends:
  - python >=3.10
  - python
  license: PSF-2.0
  license_family: PSF
  size: 51692
  timestamp: 1756220668932
- conda: https://conda.anaconda.org/conda-forge/noarch/tzdata-2025c-hc9c84f9_1.conda
  sha256: 1d30098909076af33a35017eed6f2953af1c769e273a0626a04722ac4acaba3c
  md5: ad659d0a2b3e47e38d829aa8cad2d610
  license: LicenseRef-Public-Domain
  size: 119135
  timestamp: 1767016325805
